// !$*UTF8*$!
{
	archiveVersion = 1;
	classes = {
	};
	objectVersion = 56;
	objects = {

/* Begin PBXBuildFile section */
		E177438828E98034000D093E /* WeatherAppSwiftUIApp.swift in Sources */ = {isa = PBXBuildFile; fileRef = E177438728E98034000D093E /* WeatherAppSwiftUIApp.swift */; };
		E177438A28E98034000D093E /* ContentView.swift in Sources */ = {isa = PBXBuildFile; fileRef = E177438928E98034000D093E /* ContentView.swift */; };
		E177438C28E98035000D093E /* Assets.xcassets in Resources */ = {isa = PBXBuildFile; fileRef = E177438B28E98035000D093E /* Assets.xcassets */; };
		E177438F28E98035000D093E /* Preview Assets.xcassets in Resources */ = {isa = PBXBuildFile; fileRef = E177438E28E98035000D093E /* Preview Assets.xcassets */; };
		E1DD923328E983AA00165417 /* Shapes.swift in Sources */ = {isa = PBXBuildFile; fileRef = E1DD923228E983AA00165417 /* Shapes.swift */; };
		E1DD923528E9842500165417 /* Extensions.swift in Sources */ = {isa = PBXBuildFile; fileRef = E1DD923428E9842500165417 /* Extensions.swift */; };
		E1DD923728E9848B00165417 /* ForecastModel.swift in Sources */ = {isa = PBXBuildFile; fileRef = E1DD923628E9848B00165417 /* ForecastModel.swift */; };
		E1DD923B28E9887A00165417 /* BottomSheet in Frameworks */ = {isa = PBXBuildFile; productRef = E1DD923A28E9887A00165417 /* BottomSheet */; };
		E1DD923D28E9889500165417 /* HomeView.swift in Sources */ = {isa = PBXBuildFile; fileRef = E1DD923C28E9889500165417 /* HomeView.swift */; };
		E1DD924028E9896D00165417 /* TabBarView.swift in Sources */ = {isa = PBXBuildFile; fileRef = E1DD923F28E9896D00165417 /* TabBarView.swift */; };
		E1DD924228E9899900165417 /* NavigationBarView.swift in Sources */ = {isa = PBXBuildFile; fileRef = E1DD924128E9899900165417 /* NavigationBarView.swift */; };
		E1DD924628E98A2C00165417 /* ForecastView.swift in Sources */ = {isa = PBXBuildFile; fileRef = E1DD924528E98A2C00165417 /* ForecastView.swift */; };
		E1DD924828E98A4E00165417 /* WeatherView.swift in Sources */ = {isa = PBXBuildFile; fileRef = E1DD924728E98A4E00165417 /* WeatherView.swift */; };
		E1DD924A28E98A8B00165417 /* BlurView.swift in Sources */ = {isa = PBXBuildFile; fileRef = E1DD924928E98A8B00165417 /* BlurView.swift */; };
		E1DD924C28E98AB900165417 /* SegmentedControlView.swift in Sources */ = {isa = PBXBuildFile; fileRef = E1DD924B28E98AB900165417 /* SegmentedControlView.swift */; };
		E1DD924E28E98AE800165417 /* ForecastCardView.swift in Sources */ = {isa = PBXBuildFile; fileRef = E1DD924D28E98AE800165417 /* ForecastCardView.swift */; };
		E1DD925028E98B1400165417 /* WeatherWidgetView.swift in Sources */ = {isa = PBXBuildFile; fileRef = E1DD924F28E98B1400165417 /* WeatherWidgetView.swift */; };
/* End PBXBuildFile section */

/* Begin PBXFileReference section */
		E177438428E98034000D093E /* WeatherAppSwiftUI.app */ = {isa = PBXFileReference; explicitFileType = wrapper.application; includeInIndex = 0; path = WeatherAppSwiftUI.app; sourceTree = BUILT_PRODUCTS_DIR; };
		E177438728E98034000D093E /* WeatherAppSwiftUIApp.swift */ = {isa = PBXFileReference; lastKnownFileType = sourcecode.swift; path = WeatherAppSwiftUIApp.swift; sourceTree = "<group>"; };
		E177438928E98034000D093E /* ContentView.swift */ = {isa = PBXFileReference; lastKnownFileType = sourcecode.swift; path = ContentView.swift; sourceTree = "<group>"; };
		E177438B28E98035000D093E /* Assets.xcassets */ = {isa = PBXFileReference; lastKnownFileType = folder.assetcatalog; path = Assets.xcassets; sourceTree = "<group>"; };
		E177438E28E98035000D093E /* Preview Assets.xcassets */ = {isa = PBXFileReference; lastKnownFileType = folder.assetcatalog; path = "Preview Assets.xcassets"; sourceTree = "<group>"; };
		E1DD923228E983AA00165417 /* Shapes.swift */ = {isa = PBXFileReference; lastKnownFileType = sourcecode.swift; path = Shapes.swift; sourceTree = "<group>"; };
		E1DD923428E9842500165417 /* Extensions.swift */ = {isa = PBXFileReference; lastKnownFileType = sourcecode.swift; path = Extensions.swift; sourceTree = "<group>"; };
		E1DD923628E9848B00165417 /* ForecastModel.swift */ = {isa = PBXFileReference; lastKnownFileType = sourcecode.swift; path = ForecastModel.swift; sourceTree = "<group>"; };
		E1DD923C28E9889500165417 /* HomeView.swift */ = {isa = PBXFileReference; lastKnownFileType = sourcecode.swift; path = HomeView.swift; sourceTree = "<group>"; };
		E1DD923F28E9896D00165417 /* TabBarView.swift */ = {isa = PBXFileReference; lastKnownFileType = sourcecode.swift; path = TabBarView.swift; sourceTree = "<group>"; };
		E1DD924128E9899900165417 /* NavigationBarView.swift */ = {isa = PBXFileReference; lastKnownFileType = sourcecode.swift; path = NavigationBarView.swift; sourceTree = "<group>"; };
		E1DD924528E98A2C00165417 /* ForecastView.swift */ = {isa = PBXFileReference; lastKnownFileType = sourcecode.swift; path = ForecastView.swift; sourceTree = "<group>"; };
		E1DD924728E98A4E00165417 /* WeatherView.swift */ = {isa = PBXFileReference; lastKnownFileType = sourcecode.swift; path = WeatherView.swift; sourceTree = "<group>"; };
		E1DD924928E98A8B00165417 /* BlurView.swift */ = {isa = PBXFileReference; lastKnownFileType = sourcecode.swift; path = BlurView.swift; sourceTree = "<group>"; };
		E1DD924B28E98AB900165417 /* SegmentedControlView.swift */ = {isa = PBXFileReference; lastKnownFileType = sourcecode.swift; path = SegmentedControlView.swift; sourceTree = "<group>"; };
		E1DD924D28E98AE800165417 /* ForecastCardView.swift */ = {isa = PBXFileReference; lastKnownFileType = sourcecode.swift; path = ForecastCardView.swift; sourceTree = "<group>"; };
		E1DD924F28E98B1400165417 /* WeatherWidgetView.swift */ = {isa = PBXFileReference; lastKnownFileType = sourcecode.swift; path = WeatherWidgetView.swift; sourceTree = "<group>"; };
/* End PBXFileReference section */

/* Begin PBXFrameworksBuildPhase section */
		E177438128E98034000D093E /* Frameworks */ = {
			isa = PBXFrameworksBuildPhase;
			buildActionMask = 2147483647;
			files = (
				E1DD923B28E9887A00165417 /* BottomSheet in Frameworks */,
			);
			runOnlyForDeploymentPostprocessing = 0;
		};
/* End PBXFrameworksBuildPhase section */

/* Begin PBXGroup section */
		E177437B28E98034000D093E = {
			isa = PBXGroup;
			children = (
				E177438628E98034000D093E /* WeatherAppSwiftUI */,
				E177438528E98034000D093E /* Products */,
			);
			sourceTree = "<group>";
		};
		E177438528E98034000D093E /* Products */ = {
			isa = PBXGroup;
			children = (
				E177438428E98034000D093E /* WeatherAppSwiftUI.app */,
			);
			name = Products;
			sourceTree = "<group>";
		};
		E177438628E98034000D093E /* WeatherAppSwiftUI */ = {
			isa = PBXGroup;
			children = (
				E177438728E98034000D093E /* WeatherAppSwiftUIApp.swift */,
				E177439528E980FA000D093E /* Entity */,
				E1DD923128E9837600165417 /* Assembly */,
				E177439628E98104000D093E /* Flows */,
				E177438B28E98035000D093E /* Assets.xcassets */,
				E177438D28E98035000D093E /* Preview Content */,
			);
			path = WeatherAppSwiftUI;
			sourceTree = "<group>";
		};
		E177438D28E98035000D093E /* Preview Content */ = {
			isa = PBXGroup;
			children = (
				E177438E28E98035000D093E /* Preview Assets.xcassets */,
			);
			path = "Preview Content";
			sourceTree = "<group>";
		};
		E177439528E980FA000D093E /* Entity */ = {
			isa = PBXGroup;
			children = (
				E1DD923628E9848B00165417 /* ForecastModel.swift */,
			);
			path = Entity;
			sourceTree = "<group>";
		};
		E177439628E98104000D093E /* Flows */ = {
			isa = PBXGroup;
			children = (
				E1DD923828E9863A00165417 /* MainView */,
				E1DD923E28E9893D00165417 /* NavigationView */,
				E1DD924328E989ED00165417 /* DetailView */,
				E1DD924428E989FF00165417 /* ComponentsView */,
			);
			path = Flows;
			sourceTree = "<group>";
		};
		E1DD923128E9837600165417 /* Assembly */ = {
			isa = PBXGroup;
			children = (
				E1DD923428E9842500165417 /* Extensions.swift */,
				E1DD923228E983AA00165417 /* Shapes.swift */,
			);
			path = Assembly;
			sourceTree = "<group>";
		};
		E1DD923828E9863A00165417 /* MainView */ = {
			isa = PBXGroup;
			children = (
				E177438928E98034000D093E /* ContentView.swift */,
				E1DD923C28E9889500165417 /* HomeView.swift */,
			);
			path = MainView;
			sourceTree = "<group>";
		};
		E1DD923E28E9893D00165417 /* NavigationView */ = {
			isa = PBXGroup;
			children = (
				E1DD923F28E9896D00165417 /* TabBarView.swift */,
				E1DD924128E9899900165417 /* NavigationBarView.swift */,
			);
			path = NavigationView;
			sourceTree = "<group>";
		};
		E1DD924328E989ED00165417 /* DetailView */ = {
			isa = PBXGroup;
			children = (
				E1DD924528E98A2C00165417 /* ForecastView.swift */,
				E1DD924728E98A4E00165417 /* WeatherView.swift */,
			);
			path = DetailView;
			sourceTree = "<group>";
		};
		E1DD924428E989FF00165417 /* ComponentsView */ = {
			isa = PBXGroup;
			children = (
				E1DD924928E98A8B00165417 /* BlurView.swift */,
				E1DD924B28E98AB900165417 /* SegmentedControlView.swift */,
				E1DD924D28E98AE800165417 /* ForecastCardView.swift */,
				E1DD924F28E98B1400165417 /* WeatherWidgetView.swift */,
			);
			path = ComponentsView;
			sourceTree = "<group>";
		};
/* End PBXGroup section */

/* Begin PBXNativeTarget section */
		E177438328E98034000D093E /* WeatherAppSwiftUI */ = {
			isa = PBXNativeTarget;
			buildConfigurationList = E177439228E98035000D093E /* Build configuration list for PBXNativeTarget "WeatherAppSwiftUI" */;
			buildPhases = (
				E177438028E98034000D093E /* Sources */,
				E177438128E98034000D093E /* Frameworks */,
				E177438228E98034000D093E /* Resources */,
			);
			buildRules = (
			);
			dependencies = (
			);
			name = WeatherAppSwiftUI;
			packageProductDependencies = (
				E1DD923A28E9887A00165417 /* BottomSheet */,
			);
			productName = WeatherAppSwiftUI;
			productReference = E177438428E98034000D093E /* WeatherAppSwiftUI.app */;
			productType = "com.apple.product-type.application";
		};
/* End PBXNativeTarget section */

/* Begin PBXProject section */
		E177437C28E98034000D093E /* Project object */ = {
			isa = PBXProject;
			attributes = {
				BuildIndependentTargetsInParallel = 1;
				LastSwiftUpdateCheck = 1400;
				LastUpgradeCheck = 1400;
				TargetAttributes = {
					E177438328E98034000D093E = {
						CreatedOnToolsVersion = 14.0.1;
					};
				};
			};
			buildConfigurationList = E177437F28E98034000D093E /* Build configuration list for PBXProject "WeatherAppSwiftUI" */;
			compatibilityVersion = "Xcode 14.0";
			developmentRegion = en;
			hasScannedForEncodings = 0;
			knownRegions = (
				en,
				Base,
			);
			mainGroup = E177437B28E98034000D093E;
			packageReferences = (
				E1DD923928E9887A00165417 /* XCRemoteSwiftPackageReference "BottomSheet" */,
			);
			productRefGroup = E177438528E98034000D093E /* Products */;
			projectDirPath = "";
			projectRoot = "";
			targets = (
				E177438328E98034000D093E /* WeatherAppSwiftUI */,
			);
		};
/* End PBXProject section */

/* Begin PBXResourcesBuildPhase section */
		E177438228E98034000D093E /* Resources */ = {
			isa = PBXResourcesBuildPhase;
			buildActionMask = 2147483647;
			files = (
				E177438F28E98035000D093E /* Preview Assets.xcassets in Resources */,
				E177438C28E98035000D093E /* Assets.xcassets in Resources */,
			);
			runOnlyForDeploymentPostprocessing = 0;
		};
/* End PBXResourcesBuildPhase section */

/* Begin PBXSourcesBuildPhase section */
		E177438028E98034000D093E /* Sources */ = {
			isa = PBXSourcesBuildPhase;
			buildActionMask = 2147483647;
			files = (
				E177438A28E98034000D093E /* ContentView.swift in Sources */,
				E1DD925028E98B1400165417 /* WeatherWidgetView.swift in Sources */,
				E1DD924C28E98AB900165417 /* SegmentedControlView.swift in Sources */,
				E1DD923328E983AA00165417 /* Shapes.swift in Sources */,
				E1DD924228E9899900165417 /* NavigationBarView.swift in Sources */,
				E1DD924028E9896D00165417 /* TabBarView.swift in Sources */,
				E1DD924E28E98AE800165417 /* ForecastCardView.swift in Sources */,
				E1DD924A28E98A8B00165417 /* BlurView.swift in Sources */,
				E177438828E98034000D093E /* WeatherAppSwiftUIApp.swift in Sources */,
				E1DD924828E98A4E00165417 /* WeatherView.swift in Sources */,
				E1DD924628E98A2C00165417 /* ForecastView.swift in Sources */,
				E1DD923D28E9889500165417 /* HomeView.swift in Sources */,
				E1DD923728E9848B00165417 /* ForecastModel.swift in Sources */,
				E1DD923528E9842500165417 /* Extensions.swift in Sources */,
			);
			runOnlyForDeploymentPostprocessing = 0;
		};
/* End PBXSourcesBuildPhase section */

/* Begin XCBuildConfiguration section */
		E177439028E98035000D093E /* Debug */ = {
			isa = XCBuildConfiguration;
			buildSettings = {
				ALWAYS_SEARCH_USER_PATHS = NO;
				CLANG_ANALYZER_NONNULL = YES;
				CLANG_ANALYZER_NUMBER_OBJECT_CONVERSION = YES_AGGRESSIVE;
				CLANG_CXX_LANGUAGE_STANDARD = "gnu++20";
				CLANG_ENABLE_MODULES = YES;
				CLANG_ENABLE_OBJC_ARC = YES;
				CLANG_ENABLE_OBJC_WEAK = YES;
				CLANG_WARN_BLOCK_CAPTURE_AUTORELEASING = YES;
				CLANG_WARN_BOOL_CONVERSION = YES;
				CLANG_WARN_COMMA = YES;
				CLANG_WARN_CONSTANT_CONVERSION = YES;
				CLANG_WARN_DEPRECATED_OBJC_IMPLEMENTATIONS = YES;
				CLANG_WARN_DIRECT_OBJC_ISA_USAGE = YES_ERROR;
				CLANG_WARN_DOCUMENTATION_COMMENTS = YES;
				CLANG_WARN_EMPTY_BODY = YES;
				CLANG_WARN_ENUM_CONVERSION = YES;
				CLANG_WARN_INFINITE_RECURSION = YES;
				CLANG_WARN_INT_CONVERSION = YES;
				CLANG_WARN_NON_LITERAL_NULL_CONVERSION = YES;
				CLANG_WARN_OBJC_IMPLICIT_RETAIN_SELF = YES;
				CLANG_WARN_OBJC_LITERAL_CONVERSION = YES;
				CLANG_WARN_OBJC_ROOT_CLASS = YES_ERROR;
				CLANG_WARN_QUOTED_INCLUDE_IN_FRAMEWORK_HEADER = YES;
				CLANG_WARN_RANGE_LOOP_ANALYSIS = YES;
				CLANG_WARN_STRICT_PROTOTYPES = YES;
				CLANG_WARN_SUSPICIOUS_MOVE = YES;
				CLANG_WARN_UNGUARDED_AVAILABILITY = YES_AGGRESSIVE;
				CLANG_WARN_UNREACHABLE_CODE = YES;
				CLANG_WARN__DUPLICATE_METHOD_MATCH = YES;
				COPY_PHASE_STRIP = NO;
				DEBUG_INFORMATION_FORMAT = dwarf;
				ENABLE_STRICT_OBJC_MSGSEND = YES;
				ENABLE_TESTABILITY = YES;
				GCC_C_LANGUAGE_STANDARD = gnu11;
				GCC_DYNAMIC_NO_PIC = NO;
				GCC_NO_COMMON_BLOCKS = YES;
				GCC_OPTIMIZATION_LEVEL = 0;
				GCC_PREPROCESSOR_DEFINITIONS = (
					"DEBUG=1",
					"$(inherited)",
				);
				GCC_WARN_64_TO_32_BIT_CONVERSION = YES;
				GCC_WARN_ABOUT_RETURN_TYPE = YES_ERROR;
				GCC_WARN_UNDECLARED_SELECTOR = YES;
				GCC_WARN_UNINITIALIZED_AUTOS = YES_AGGRESSIVE;
				GCC_WARN_UNUSED_FUNCTION = YES;
				GCC_WARN_UNUSED_VARIABLE = YES;
				IPHONEOS_DEPLOYMENT_TARGET = 16.0;
				MTL_ENABLE_DEBUG_INFO = INCLUDE_SOURCE;
				MTL_FAST_MATH = YES;
				ONLY_ACTIVE_ARCH = YES;
				SDKROOT = iphoneos;
				SWIFT_ACTIVE_COMPILATION_CONDITIONS = DEBUG;
				SWIFT_OPTIMIZATION_LEVEL = "-Onone";
			};
			name = Debug;
		};
		E177439128E98035000D093E /* Release */ = {
			isa = XCBuildConfiguration;
			buildSettings = {
				ALWAYS_SEARCH_USER_PATHS = NO;
				CLANG_ANALYZER_NONNULL = YES;
				CLANG_ANALYZER_NUMBER_OBJECT_CONVERSION = YES_AGGRESSIVE;
				CLANG_CXX_LANGUAGE_STANDARD = "gnu++20";
				CLANG_ENABLE_MODULES = YES;
				CLANG_ENABLE_OBJC_ARC = YES;
				CLANG_ENABLE_OBJC_WEAK = YES;
				CLANG_WARN_BLOCK_CAPTURE_AUTORELEASING = YES;
				CLANG_WARN_BOOL_CONVERSION = YES;
				CLANG_WARN_COMMA = YES;
				CLANG_WARN_CONSTANT_CONVERSION = YES;
				CLANG_WARN_DEPRECATED_OBJC_IMPLEMENTATIONS = YES;
				CLANG_WARN_DIRECT_OBJC_ISA_USAGE = YES_ERROR;
				CLANG_WARN_DOCUMENTATION_COMMENTS = YES;
				CLANG_WARN_EMPTY_BODY = YES;
				CLANG_WARN_ENUM_CONVERSION = YES;
				CLANG_WARN_INFINITE_RECURSION = YES;
				CLANG_WARN_INT_CONVERSION = YES;
				CLANG_WARN_NON_LITERAL_NULL_CONVERSION = YES;
				CLANG_WARN_OBJC_IMPLICIT_RETAIN_SELF = YES;
				CLANG_WARN_OBJC_LITERAL_CONVERSION = YES;
				CLANG_WARN_OBJC_ROOT_CLASS = YES_ERROR;
				CLANG_WARN_QUOTED_INCLUDE_IN_FRAMEWORK_HEADER = YES;
				CLANG_WARN_RANGE_LOOP_ANALYSIS = YES;
				CLANG_WARN_STRICT_PROTOTYPES = YES;
				CLANG_WARN_SUSPICIOUS_MOVE = YES;
				CLANG_WARN_UNGUARDED_AVAILABILITY = YES_AGGRESSIVE;
				CLANG_WARN_UNREACHABLE_CODE = YES;
				CLANG_WARN__DUPLICATE_METHOD_MATCH = YES;
				COPY_PHASE_STRIP = NO;
				DEBUG_INFORMATION_FORMAT = "dwarf-with-dsym";
				ENABLE_NS_ASSERTIONS = NO;
				ENABLE_STRICT_OBJC_MSGSEND = YES;
				GCC_C_LANGUAGE_STANDARD = gnu11;
				GCC_NO_COMMON_BLOCKS = YES;
				GCC_WARN_64_TO_32_BIT_CONVERSION = YES;
				GCC_WARN_ABOUT_RETURN_TYPE = YES_ERROR;
				GCC_WARN_UNDECLARED_SELECTOR = YES;
				GCC_WARN_UNINITIALIZED_AUTOS = YES_AGGRESSIVE;
				GCC_WARN_UNUSED_FUNCTION = YES;
				GCC_WARN_UNUSED_VARIABLE = YES;
				IPHONEOS_DEPLOYMENT_TARGET = 16.0;
				MTL_ENABLE_DEBUG_INFO = NO;
				MTL_FAST_MATH = YES;
				SDKROOT = iphoneos;
				SWIFT_COMPILATION_MODE = wholemodule;
				SWIFT_OPTIMIZATION_LEVEL = "-O";
				VALIDATE_PRODUCT = YES;
			};
			name = Release;
		};
		E177439328E98035000D093E /* Debug */ = {
			isa = XCBuildConfiguration;
			buildSettings = {
				ASSETCATALOG_COMPILER_APPICON_NAME = AppIcon;
				ASSETCATALOG_COMPILER_GLOBAL_ACCENT_COLOR_NAME = AccentColor;
				CODE_SIGN_STYLE = Automatic;
				CURRENT_PROJECT_VERSION = 1;
				DEVELOPMENT_ASSET_PATHS = "\"WeatherAppSwiftUI/Preview Content\"";
				DEVELOPMENT_TEAM = M4PJKP44QG;
				ENABLE_PREVIEWS = YES;
				GENERATE_INFOPLIST_FILE = YES;
				INFOPLIST_KEY_UIApplicationSceneManifest_Generation = YES;
				INFOPLIST_KEY_UIApplicationSupportsIndirectInputEvents = YES;
				INFOPLIST_KEY_UILaunchScreen_Generation = YES;
				INFOPLIST_KEY_UISupportedInterfaceOrientations_iPad = "UIInterfaceOrientationPortrait UIInterfaceOrientationPortraitUpsideDown UIInterfaceOrientationLandscapeLeft UIInterfaceOrientationLandscapeRight";
				INFOPLIST_KEY_UISupportedInterfaceOrientations_iPhone = "UIInterfaceOrientationPortrait UIInterfaceOrientationLandscapeLeft UIInterfaceOrientationLandscapeRight";
				LD_RUNPATH_SEARCH_PATHS = (
					"$(inherited)",
					"@executable_path/Frameworks",
				);
				MARKETING_VERSION = 1.0;
				PRODUCT_BUNDLE_IDENTIFIER = KoMary.WeatherAppSwiftUI;
				PRODUCT_NAME = "$(TARGET_NAME)";
				SWIFT_EMIT_LOC_STRINGS = YES;
				SWIFT_VERSION = 5.0;
				TARGETED_DEVICE_FAMILY = "1,2";
			};
			name = Debug;
		};
		E177439428E98035000D093E /* Release */ = {
			isa = XCBuildConfiguration;
			buildSettings = {
				ASSETCATALOG_COMPILER_APPICON_NAME = AppIcon;
				ASSETCATALOG_COMPILER_GLOBAL_ACCENT_COLOR_NAME = AccentColor;
				CODE_SIGN_STYLE = Automatic;
				CURRENT_PROJECT_VERSION = 1;
				DEVELOPMENT_ASSET_PATHS = "\"WeatherAppSwiftUI/Preview Content\"";
				DEVELOPMENT_TEAM = M4PJKP44QG;
				ENABLE_PREVIEWS = YES;
				GENERATE_INFOPLIST_FILE = YES;
				INFOPLIST_KEY_UIApplicationSceneManifest_Generation = YES;
				INFOPLIST_KEY_UIApplicationSupportsIndirectInputEvents = YES;
				INFOPLIST_KEY_UILaunchScreen_Generation = YES;
				INFOPLIST_KEY_UISupportedInterfaceOrientations_iPad = "UIInterfaceOrientationPortrait UIInterfaceOrientationPortraitUpsideDown UIInterfaceOrientationLandscapeLeft UIInterfaceOrientationLandscapeRight";
				INFOPLIST_KEY_UISupportedInterfaceOrientations_iPhone = "UIInterfaceOrientationPortrait UIInterfaceOrientationLandscapeLeft UIInterfaceOrientationLandscapeRight";
				LD_RUNPATH_SEARCH_PATHS = (
					"$(inherited)",
					"@executable_path/Frameworks",
				);
				MARKETING_VERSION = 1.0;
				PRODUCT_BUNDLE_IDENTIFIER = KoMary.WeatherAppSwiftUI;
				PRODUCT_NAME = "$(TARGET_NAME)";
				SWIFT_EMIT_LOC_STRINGS = YES;
				SWIFT_VERSION = 5.0;
				TARGETED_DEVICE_FAMILY = "1,2";
			};
			name = Release;
		};
/* End XCBuildConfiguration section */

/* Begin XCConfigurationList section */
		E177437F28E98034000D093E /* Build configuration list for PBXProject "WeatherAppSwiftUI" */ = {
			isa = XCConfigurationList;
			buildConfigurations = (
				E177439028E98035000D093E /* Debug */,
				E177439128E98035000D093E /* Release */,
			);
			defaultConfigurationIsVisible = 0;
			defaultConfigurationName = Release;
		};
		E177439228E98035000D093E /* Build configuration list for PBXNativeTarget "WeatherAppSwiftUI" */ = {
			isa = XCConfigurationList;
			buildConfigurations = (
				E177439328E98035000D093E /* Debug */,
				E177439428E98035000D093E /* Release */,
			);
			defaultConfigurationIsVisible = 0;
			defaultConfigurationName = Release;
		};
/* End XCConfigurationList section */

/* Begin XCRemoteSwiftPackageReference section */
		E1DD923928E9887A00165417 /* XCRemoteSwiftPackageReference "BottomSheet" */ = {
			isa = XCRemoteSwiftPackageReference;
			repositoryURL = "https://github.com/Wouter125/BottomSheet";
			requirement = {
				kind = upToNextMajorVersion;
				minimumVersion = 1.0.0;
			};
		};
/* End XCRemoteSwiftPackageReference section */

/* Begin XCSwiftPackageProductDependency section */
		E1DD923A28E9887A00165417 /* BottomSheet */ = {
			isa = XCSwiftPackageProductDependency;
			package = E1DD923928E9887A00165417 /* XCRemoteSwiftPackageReference "BottomSheet" */;
			productName = BottomSheet;
		};
/* End XCSwiftPackageProductDependency section */
	};
	rootObject = E177437C28E98034000D093E /* Project object */;
}
